
Microsoft Visual Studio Solution File, Format Version 12.00
# Visual Studio Version 16
VisualStudioVersion = 16.0.30128.74
MinimumVisualStudioVersion = 10.0.40219.1
Project("{FAE04EC0-301F-11D3-BF4B-00C04F79EFBC}") = "QuanLyMaQR_v2", "QuanLyMaQR_v2\QuanLyMaQR_v2.csproj", "{295853AC-2D85-4220-BDCB-F85C31F8917B}"
EndProject
Global
	GlobalSection(SolutionConfigurationPlatforms) = preSolution
		Debug|Any CPU = Debug|Any CPU
		Release|Any CPU = Release|Any CPU
	EndGlobalSection
	GlobalSection(ProjectConfigurationPlatforms) = postSolution
		{295853AC-2D85-4220-BDCB-F85C31F8917B}.Debug|Any CPU.ActiveCfg = Debug|Any CPU
		{295853AC-2D85-4220-BDCB-F85C31F8917B}.Debug|Any CPU.Build.0 = Debug|Any CPU
		{295853AC-2D85-4220-BDCB-F85C31F8917B}.Release|Any CPU.ActiveCfg = Release|Any CPU
		{295853AC-2D85-4220-BDCB-F85C31F8917B}.Release|Any CPU.Build.0 = Release|Any CPU
	EndGlobalSection
	GlobalSection(SolutionProperties) = preSolution
		HideSolutionNode = FALSE
	EndGlobalSection
	GlobalSection(ExtensibilityGlobals) = postSolution
		SolutionGuid = {05167DDD-E76A-4D82-A792-DBF2459E5657}
	EndGlobalSection
EndGlobal
